
Microsoft Visual Studio Solution File, Format Version 12.00
# Visual Studio Version 16
VisualStudioVersion = 16.0.29326.143
MinimumVisualStudioVersion = 10.0.40219.1
Project("{FAE04EC0-301F-11D3-BF4B-00C04F79EFBC}") = "AppOOP", "AppOOP\AppOOP.csproj", "{43252AF6-8F5A-4184-8FCB-B1B8D13A1DDE}"
EndProject
Global
	GlobalSection(SolutionConfigurationPlatforms) = preSolution
		Debug|Any CPU = Debug|Any CPU
		Release|Any CPU = Release|Any CPU
	EndGlobalSection
	GlobalSection(ProjectConfigurationPlatforms) = postSolution
		{43252AF6-8F5A-4184-8FCB-B1B8D13A1DDE}.Debug|Any CPU.ActiveCfg = Debug|Any CPU
		{43252AF6-8F5A-4184-8FCB-B1B8D13A1DDE}.Debug|Any CPU.Build.0 = Debug|Any CPU
		{43252AF6-8F5A-4184-8FCB-B1B8D13A1DDE}.Release|Any CPU.ActiveCfg = Release|Any CPU
		{43252AF6-8F5A-4184-8FCB-B1B8D13A1DDE}.Release|Any CPU.Build.0 = Release|Any CPU
	EndGlobalSection
	GlobalSection(SolutionProperties) = preSolution
		HideSolutionNode = FALSE
	EndGlobalSection
	GlobalSection(ExtensibilityGlobals) = postSolution
		SolutionGuid = {F0171598-07D7-4A99-A19B-830CC299D3F6}
	EndGlobalSection
EndGlobal
